
Microsoft Visual Studio Solution File, Format Version 12.00
# Visual Studio 15
VisualStudioVersion = 15.0.27703.2026
MinimumVisualStudioVersion = 10.0.40219.1
Project("{FAE04EC0-301F-11D3-BF4B-00C04F79EFBC}") = "eLibrary", "eLibrary\eLibrary.csproj", "{48DBCC77-C6ED-4F97-B0CE-CB426ADC1189}"
EndProject
Project("{FAE04EC0-301F-11D3-BF4B-00C04F79EFBC}") = "Modelo", "Modelo\Modelo.csproj", "{05A09623-F294-4232-A859-C964F92DD86F}"
EndProject
Global
	GlobalSection(SolutionConfigurationPlatforms) = preSolution
		Debug|Any CPU = Debug|Any CPU
		Release|Any CPU = Release|Any CPU
	EndGlobalSection
	GlobalSection(ProjectConfigurationPlatforms) = postSolution
		{48DBCC77-C6ED-4F97-B0CE-CB426ADC1189}.Debug|Any CPU.ActiveCfg = Debug|Any CPU
		{48DBCC77-C6ED-4F97-B0CE-CB426ADC1189}.Debug|Any CPU.Build.0 = Debug|Any CPU
		{48DBCC77-C6ED-4F97-B0CE-CB426ADC1189}.Release|Any CPU.ActiveCfg = Release|Any CPU
		{48DBCC77-C6ED-4F97-B0CE-CB426ADC1189}.Release|Any CPU.Build.0 = Release|Any CPU
		{05A09623-F294-4232-A859-C964F92DD86F}.Debug|Any CPU.ActiveCfg = Debug|Any CPU
		{05A09623-F294-4232-A859-C964F92DD86F}.Debug|Any CPU.Build.0 = Debug|Any CPU
		{05A09623-F294-4232-A859-C964F92DD86F}.Release|Any CPU.ActiveCfg = Release|Any CPU
		{05A09623-F294-4232-A859-C964F92DD86F}.Release|Any CPU.Build.0 = Release|Any CPU
	EndGlobalSection
	GlobalSection(SolutionProperties) = preSolution
		HideSolutionNode = FALSE
	EndGlobalSection
	GlobalSection(ExtensibilityGlobals) = postSolution
		SolutionGuid = {C1D23D6E-85ED-4B5C-B96E-569EC4836CF9}
	EndGlobalSection
EndGlobal
